{
  "requires": true,
  "lockfileVersion": 1,
  "dependencies": {
    "phoenix_live_view": {
      "version": "0.14.1",
      "resolved": "https://registry.npmjs.org/phoenix_live_view/-/phoenix_live_view-0.14.1.tgz",
      "integrity": "sha512-TrwYZIaYMewoecnGfgZtwN3PyMzpRJNAb1rjkss8mErip3r7K/Ore4cwgkw4sY113fCODUBF3JcK6rL7yxXgOQ=="
    }
  }
}
